
Microsoft Visual Studio Solution File, Format Version 12.00
# Visual Studio Version 17
VisualStudioVersion = 17.5.33530.505
MinimumVisualStudioVersion = 10.0.40219.1
Project("{FAE04EC0-301F-11D3-BF4B-00C04F79EFBC}") = "WrkrSvc1", "WrkrSvc1\WrkrSvc1.csproj", "{DA09E3EF-E7B3-4949-A859-A74845526AC0}"
EndProject
Global
	GlobalSection(SolutionConfigurationPlatforms) = preSolution
		Debug|Any CPU = Debug|Any CPU
		Release|Any CPU = Release|Any CPU
	EndGlobalSection
	GlobalSection(ProjectConfigurationPlatforms) = postSolution
		{DA09E3EF-E7B3-4949-A859-A74845526AC0}.Debug|Any CPU.ActiveCfg = Debug|Any CPU
		{DA09E3EF-E7B3-4949-A859-A74845526AC0}.Debug|Any CPU.Build.0 = Debug|Any CPU
		{DA09E3EF-E7B3-4949-A859-A74845526AC0}.Release|Any CPU.ActiveCfg = Release|Any CPU
		{DA09E3EF-E7B3-4949-A859-A74845526AC0}.Release|Any CPU.Build.0 = Release|Any CPU
	EndGlobalSection
	GlobalSection(SolutionProperties) = preSolution
		HideSolutionNode = FALSE
	EndGlobalSection
	GlobalSection(ExtensibilityGlobals) = postSolution
		SolutionGuid = {8CD01A09-5367-43F5-8600-46BEF0CD79B0}
	EndGlobalSection
EndGlobal
